
Microsoft Visual Studio Solution File, Format Version 12.00
# Visual Studio Version 17
VisualStudioVersion = 17.7.34031.279
MinimumVisualStudioVersion = 10.0.40219.1
Project("{9A19103F-16F7-4668-BE54-9A1E7A4F7556}") = "ApplicationTP3(second)", "ApplicationTP3(second)\ApplicationTP3(second).csproj", "{3B6F16E3-B2A2-4B0E-BACD-2E2F6A302FA4}"
EndProject
Project("{2150E333-8FDC-42A3-9474-1A3956D46DE8}") = "Data", "Data", "{AC4930FF-E15F-4D19-9726-AC27A7C282C6}"
	ProjectSection(SolutionItems) = preProject
		..\..\..\Downloads\Genres.json = ..\..\..\Downloads\Genres.json
	EndProjectSection
EndProject
Global
	GlobalSection(SolutionConfigurationPlatforms) = preSolution
		Debug|Any CPU = Debug|Any CPU
		Release|Any CPU = Release|Any CPU
	EndGlobalSection
	GlobalSection(ProjectConfigurationPlatforms) = postSolution
		{3B6F16E3-B2A2-4B0E-BACD-2E2F6A302FA4}.Debug|Any CPU.ActiveCfg = Debug|Any CPU
		{3B6F16E3-B2A2-4B0E-BACD-2E2F6A302FA4}.Debug|Any CPU.Build.0 = Debug|Any CPU
		{3B6F16E3-B2A2-4B0E-BACD-2E2F6A302FA4}.Release|Any CPU.ActiveCfg = Release|Any CPU
		{3B6F16E3-B2A2-4B0E-BACD-2E2F6A302FA4}.Release|Any CPU.Build.0 = Release|Any CPU
	EndGlobalSection
	GlobalSection(SolutionProperties) = preSolution
		HideSolutionNode = FALSE
	EndGlobalSection
	GlobalSection(ExtensibilityGlobals) = postSolution
		SolutionGuid = {31F4ECD9-7BDF-4A4F-97D2-D64006397162}
	EndGlobalSection
EndGlobal
